// !$*UTF8*$!
{
	archiveVersion = 1;
	classes = {
	};
	objectVersion = 44;
	objects = {

/* Begin PBXBuildFile section */
		4C1DFC1B182063330078B179 /* growl in Resources */ = {isa = PBXBuildFile; fileRef = 4C1DFC1A182063330078B179 /* growl */; };
		4C321FD01827F98700FE7058 /* FileView.xib in Resources */ = {isa = PBXBuildFile; fileRef = 4C321FCF1827F98700FE7058 /* FileView.xib */; };
		4C5CB3CC18244CFF00A4DD66 /* keyPrefButton.m in Sources */ = {isa = PBXBuildFile; fileRef = 4C5CB3CB18244CFF00A4DD66 /* keyPrefButton.m */; };
		4C5CB3CE182456C400A4DD66 /* trash2-50.png in Resources */ = {isa = PBXBuildFile; fileRef = 4C5CB3CD182456C400A4DD66 /* trash2-50.png */; };
		4C60E399182009D3003752C5 /* node in Resources */ = {isa = PBXBuildFile; fileRef = 4C60E398182009D3003752C5 /* node */; };
		4C61B8E41A697C2100456E41 /* log.sqlite in Resources */ = {isa = PBXBuildFile; fileRef = 4C61B8E31A697C2100456E41 /* log.sqlite */; };
		4C61B8E71A69C35500456E41 /* TaskMan.m in Sources */ = {isa = PBXBuildFile; fileRef = 4C61B8E61A69C35500456E41 /* TaskMan.m */; };
		4C6D96D619FD6D95004CAE9E /* LessDb.m in Sources */ = {isa = PBXBuildFile; fileRef = 4C6D96D519FD6D95004CAE9E /* LessDb.m */; };
		4C8B098D1905BEF4002D30DE /* dropView.m in Sources */ = {isa = PBXBuildFile; fileRef = 4C8B098C1905BEF4002D30DE /* dropView.m */; };
		4CA289EC19FE8E5C008D523C /* node_modules in Resources */ = {isa = PBXBuildFile; fileRef = 4CA289EB19FE8E5C008D523C /* node_modules */; };
		4CA9B3A81A01425E00934524 /* siteSettingsWindowController.m in Sources */ = {isa = PBXBuildFile; fileRef = 4CA9B3A61A01425E00934524 /* siteSettingsWindowController.m */; };
		4CA9B3A91A01425E00934524 /* siteSettingsWindowController.xib in Resources */ = {isa = PBXBuildFile; fileRef = 4CA9B3A71A01425E00934524 /* siteSettingsWindowController.xib */; };
		4CA9BAD81B739EB3000EE1C5 /* CoreData.framework in Frameworks */ = {isa = PBXBuildFile; fileRef = 4CA9BAD71B739EB3000EE1C5 /* CoreData.framework */; };
		4CA9BADC1B739FA3000EE1C5 /* Model.xcdatamodeld in Sources */ = {isa = PBXBuildFile; fileRef = 4CA9BADA1B739FA3000EE1C5 /* Model.xcdatamodeld */; };
		4CA9BAE21B73A010000EE1C5 /* LessFile.m in Sources */ = {isa = PBXBuildFile; fileRef = 4CA9BAE11B73A010000EE1C5 /* LessFile.m */; };
		4CA9BAE51B73A02D000EE1C5 /* LessPreferences.m in Sources */ = {isa = PBXBuildFile; fileRef = 4CA9BAE41B73A02D000EE1C5 /* LessPreferences.m */; };
		4CCA70CB19228C78001617FC /* less in Resources */ = {isa = PBXBuildFile; fileRef = 4CCA70CA19228C78001617FC /* less */; };
		4CCDB1871846503900B0C66C /* BaseCodaPlugin.m in Sources */ = {isa = PBXBuildFile; fileRef = 4CCDB1861846503900B0C66C /* BaseCodaPlugin.m */; };
		4CCF170D19BF6463002E0650 /* Growl.framework in Frameworks */ = {isa = PBXBuildFile; fileRef = 4CCF170A19BF6463002E0650 /* Growl.framework */; };
		4CCF170E19BF6463002E0650 /* Growl.framework in Frameworks */ = {isa = PBXBuildFile; fileRef = 4CCF170C19BF6463002E0650 /* Growl.framework */; };
		4CE8C353191298C30023524E /* FileFooter.xib in Resources */ = {isa = PBXBuildFile; fileRef = 4CE8C352191298C30023524E /* FileFooter.xib */; };
		4CE8C3551912993B0023524E /* folder_plus_icon&48.png in Resources */ = {isa = PBXBuildFile; fileRef = 4CE8C3541912993B0023524E /* folder_plus_icon&48.png */; };
		4CE8C35819129FC10023524E /* PreferenceView.m in Sources */ = {isa = PBXBuildFile; fileRef = 4CE8C35719129FC10023524E /* PreferenceView.m */; };
		4CF0C0E11A03FEB80017047E /* flippedView.m in Sources */ = {isa = PBXBuildFile; fileRef = 4CF0C0E01A03FEB80017047E /* flippedView.m */; };
		4CF8EF111A13F2D300162814 /* preferenceWindowController.m in Sources */ = {isa = PBXBuildFile; fileRef = 4CF8EF0F1A13F2D300162814 /* preferenceWindowController.m */; };
		4CF8EF121A13F2D300162814 /* preferenceWindowController.xib in Resources */ = {isa = PBXBuildFile; fileRef = 4CF8EF101A13F2D300162814 /* preferenceWindowController.xib */; };
		4CFCBB8518217EDC0030FC08 /* FMDatabase.m in Sources */ = {isa = PBXBuildFile; fileRef = 4CFCBB7B18217EDC0030FC08 /* FMDatabase.m */; };
		4CFCBB8618217EDC0030FC08 /* FMDatabaseAdditions.m in Sources */ = {isa = PBXBuildFile; fileRef = 4CFCBB7D18217EDC0030FC08 /* FMDatabaseAdditions.m */; };
		4CFCBB8718217EDC0030FC08 /* FMDatabasePool.m in Sources */ = {isa = PBXBuildFile; fileRef = 4CFCBB7F18217EDC0030FC08 /* FMDatabasePool.m */; };
		4CFCBB8818217EDC0030FC08 /* FMDatabaseQueue.m in Sources */ = {isa = PBXBuildFile; fileRef = 4CFCBB8118217EDC0030FC08 /* FMDatabaseQueue.m */; };
		4CFCBB8918217EDC0030FC08 /* fmdb.m in Sources */ = {isa = PBXBuildFile; fileRef = 4CFCBB8218217EDC0030FC08 /* fmdb.m */; };
		4CFCBB8A18217EDC0030FC08 /* FMResultSet.m in Sources */ = {isa = PBXBuildFile; fileRef = 4CFCBB8418217EDC0030FC08 /* FMResultSet.m */; };
		4CFCBB8C182180620030FC08 /* libsqlite3.dylib in Frameworks */ = {isa = PBXBuildFile; fileRef = 4CFCBB8B182180620030FC08 /* libsqlite3.dylib */; };
		4CFCBB9018218F2B0030FC08 /* db.sqlite in Resources */ = {isa = PBXBuildFile; fileRef = 4CFCBB8F18218F2B0030FC08 /* db.sqlite */; };
		4CFCBB971821B5230030FC08 /* folder_filled-50.png in Resources */ = {isa = PBXBuildFile; fileRef = 4CFCBB961821B5230030FC08 /* folder_filled-50.png */; };
		4CFCBB991821B6CA0030FC08 /* left-50.png in Resources */ = {isa = PBXBuildFile; fileRef = 4CFCBB981821B6CA0030FC08 /* left-50.png */; };
		4CFCBB9B1821B6D80030FC08 /* right-50.png in Resources */ = {isa = PBXBuildFile; fileRef = 4CFCBB9A1821B6D80030FC08 /* right-50.png */; };
		4CFCBB9E1821B82A0030FC08 /* FileView.m in Sources */ = {isa = PBXBuildFile; fileRef = 4CFCBB9D1821B82A0030FC08 /* FileView.m */; };
		8D5B49B0048680CD000E48DA /* InfoPlist.strings in Resources */ = {isa = PBXBuildFile; fileRef = 089C167DFE841241C02AAC07 /* InfoPlist.strings */; };
		8D5B49B4048680CD000E48DA /* Cocoa.framework in Frameworks */ = {isa = PBXBuildFile; fileRef = 1058C7ADFEA557BF11CA2CBB /* Cocoa.framework */; };
		F163D8F50C67D694000A99F5 /* LESSPlugin.m in Sources */ = {isa = PBXBuildFile; fileRef = F163D8F40C67D694000A99F5 /* LESSPlugin.m */; };
/* End PBXBuildFile section */

/* Begin PBXFileReference section */
		089C1672FE841209C02AAC07 /* Foundation.framework */ = {isa = PBXFileReference; lastKnownFileType = wrapper.framework; name = Foundation.framework; path = /System/Library/Frameworks/Foundation.framework; sourceTree = "<absolute>"; };
		089C167EFE841241C02AAC07 /* English */ = {isa = PBXFileReference; fileEncoding = 10; lastKnownFileType = text.plist.strings; name = English; path = English.lproj/InfoPlist.strings; sourceTree = "<group>"; };
		089C167FFE841241C02AAC07 /* AppKit.framework */ = {isa = PBXFileReference; lastKnownFileType = wrapper.framework; name = AppKit.framework; path = /System/Library/Frameworks/AppKit.framework; sourceTree = "<absolute>"; };
		1058C7ADFEA557BF11CA2CBB /* Cocoa.framework */ = {isa = PBXFileReference; lastKnownFileType = wrapper.framework; name = Cocoa.framework; path = /System/Library/Frameworks/Cocoa.framework; sourceTree = "<absolute>"; };
		32DBCF630370AF2F00C91783 /* LESSCompile_Prefix.pch */ = {isa = PBXFileReference; fileEncoding = 4; lastKnownFileType = sourcecode.c.h; path = LESSCompile_Prefix.pch; sourceTree = "<group>"; };
		4C1DFC1A182063330078B179 /* growl */ = {isa = PBXFileReference; fileEncoding = 4; lastKnownFileType = text; path = growl; sourceTree = "<group>"; };
		4C321FCF1827F98700FE7058 /* FileView.xib */ = {isa = PBXFileReference; fileEncoding = 4; lastKnownFileType = file.xib; path = FileView.xib; sourceTree = "<group>"; };
		4C5CB3CA18244CFF00A4DD66 /* keyPrefButton.h */ = {isa = PBXFileReference; fileEncoding = 4; lastKnownFileType = sourcecode.c.h; path = keyPrefButton.h; sourceTree = "<group>"; };
		4C5CB3CB18244CFF00A4DD66 /* keyPrefButton.m */ = {isa = PBXFileReference; fileEncoding = 4; lastKnownFileType = sourcecode.c.objc; path = keyPrefButton.m; sourceTree = "<group>"; };
		4C5CB3CD182456C400A4DD66 /* trash2-50.png */ = {isa = PBXFileReference; lastKnownFileType = image.png; path = "trash2-50.png"; sourceTree = "<group>"; };
		4C605F3E1677C20600C8F7D9 /* CodaPlugInsController.h */ = {isa = PBXFileReference; fileEncoding = 4; lastKnownFileType = sourcecode.c.h; path = CodaPlugInsController.h; sourceTree = "<group>"; };
		4C60E398182009D3003752C5 /* node */ = {isa = PBXFileReference; lastKnownFileType = "compiled.mach-o.executable"; path = node; sourceTree = "<group>"; };
		4C61B8E31A697C2100456E41 /* log.sqlite */ = {isa = PBXFileReference; lastKnownFileType = file; path = log.sqlite; sourceTree = "<group>"; };
		4C61B8E51A69C35500456E41 /* TaskMan.h */ = {isa = PBXFileReference; fileEncoding = 4; lastKnownFileType = sourcecode.c.h; path = TaskMan.h; sourceTree = "<group>"; };
		4C61B8E61A69C35500456E41 /* TaskMan.m */ = {isa = PBXFileReference; fileEncoding = 4; lastKnownFileType = sourcecode.c.objc; path = TaskMan.m; sourceTree = "<group>"; };
		4C6D96D419FD6D95004CAE9E /* LessDb.h */ = {isa = PBXFileReference; fileEncoding = 4; lastKnownFileType = sourcecode.c.h; path = LessDb.h; sourceTree = "<group>"; };
		4C6D96D519FD6D95004CAE9E /* LessDb.m */ = {isa = PBXFileReference; fileEncoding = 4; lastKnownFileType = sourcecode.c.objc; path = LessDb.m; sourceTree = "<group>"; };
		4C8B098B1905BEF4002D30DE /* dropView.h */ = {isa = PBXFileReference; fileEncoding = 4; lastKnownFileType = sourcecode.c.h; path = dropView.h; sourceTree = "<group>"; };
		4C8B098C1905BEF4002D30DE /* dropView.m */ = {isa = PBXFileReference; fileEncoding = 4; lastKnownFileType = sourcecode.c.objc; path = dropView.m; sourceTree = "<group>"; };
		4CA289EB19FE8E5C008D523C /* node_modules */ = {isa = PBXFileReference; lastKnownFileType = folder; path = node_modules; sourceTree = "<group>"; };
		4CA9B3A51A01425E00934524 /* siteSettingsWindowController.h */ = {isa = PBXFileReference; fileEncoding = 4; lastKnownFileType = sourcecode.c.h; path = siteSettingsWindowController.h; sourceTree = "<group>"; };
		4CA9B3A61A01425E00934524 /* siteSettingsWindowController.m */ = {isa = PBXFileReference; fileEncoding = 4; lastKnownFileType = sourcecode.c.objc; path = siteSettingsWindowController.m; sourceTree = "<group>"; };
		4CA9B3A71A01425E00934524 /* siteSettingsWindowController.xib */ = {isa = PBXFileReference; fileEncoding = 4; lastKnownFileType = file.xib; path = siteSettingsWindowController.xib; sourceTree = "<group>"; };
		4CA9BAD71B739EB3000EE1C5 /* CoreData.framework */ = {isa = PBXFileReference; lastKnownFileType = wrapper.framework; name = CoreData.framework; path = Platforms/MacOSX.platform/Developer/SDKs/MacOSX10.9.sdk/System/Library/Frameworks/CoreData.framework; sourceTree = DEVELOPER_DIR; };
		4CA9BADB1B739FA3000EE1C5 /* Model.xcdatamodel */ = {isa = PBXFileReference; lastKnownFileType = wrapper.xcdatamodel; path = Model.xcdatamodel; sourceTree = "<group>"; };
		4CA9BAE01B73A010000EE1C5 /* LessFile.h */ = {isa = PBXFileReference; fileEncoding = 4; lastKnownFileType = sourcecode.c.h; path = LessFile.h; sourceTree = "<group>"; };
		4CA9BAE11B73A010000EE1C5 /* LessFile.m */ = {isa = PBXFileReference; fileEncoding = 4; lastKnownFileType = sourcecode.c.objc; path = LessFile.m; sourceTree = "<group>"; };
		4CA9BAE31B73A02D000EE1C5 /* LessPreferences.h */ = {isa = PBXFileReference; fileEncoding = 4; lastKnownFileType = sourcecode.c.h; path = LessPreferences.h; sourceTree = "<group>"; };
		4CA9BAE41B73A02D000EE1C5 /* LessPreferences.m */ = {isa = PBXFileReference; fileEncoding = 4; lastKnownFileType = sourcecode.c.objc; path = LessPreferences.m; sourceTree = "<group>"; };
		4CCA70CA19228C78001617FC /* less */ = {isa = PBXFileReference; lastKnownFileType = folder; path = less; sourceTree = "<group>"; };
		4CCDB1851846503900B0C66C /* BaseCodaPlugin.h */ = {isa = PBXFileReference; fileEncoding = 4; lastKnownFileType = sourcecode.c.h; path = BaseCodaPlugin.h; sourceTree = "<group>"; };
		4CCDB1861846503900B0C66C /* BaseCodaPlugin.m */ = {isa = PBXFileReference; fileEncoding = 4; lastKnownFileType = sourcecode.c.objc; path = BaseCodaPlugin.m; sourceTree = "<group>"; };
		4CCF170A19BF6463002E0650 /* Growl.framework */ = {isa = PBXFileReference; lastKnownFileType = wrapper.framework; path = Growl.framework; sourceTree = "<group>"; };
		4CCF170C19BF6463002E0650 /* Growl.framework */ = {isa = PBXFileReference; lastKnownFileType = wrapper.framework; path = Growl.framework; sourceTree = "<group>"; };
		4CE8C352191298C30023524E /* FileFooter.xib */ = {isa = PBXFileReference; fileEncoding = 4; lastKnownFileType = file.xib; path = FileFooter.xib; sourceTree = "<group>"; };
		4CE8C3541912993B0023524E /* folder_plus_icon&48.png */ = {isa = PBXFileReference; lastKnownFileType = image.png; path = "folder_plus_icon&48.png"; sourceTree = "<group>"; };
		4CE8C35619129FC10023524E /* PreferenceView.h */ = {isa = PBXFileReference; fileEncoding = 4; lastKnownFileType = sourcecode.c.h; path = PreferenceView.h; sourceTree = "<group>"; };
		4CE8C35719129FC10023524E /* PreferenceView.m */ = {isa = PBXFileReference; fileEncoding = 4; lastKnownFileType = sourcecode.c.objc; path = PreferenceView.m; sourceTree = "<group>"; };
		4CF0C0DF1A03FEB80017047E /* flippedView.h */ = {isa = PBXFileReference; fileEncoding = 4; lastKnownFileType = sourcecode.c.h; path = flippedView.h; sourceTree = "<group>"; };
		4CF0C0E01A03FEB80017047E /* flippedView.m */ = {isa = PBXFileReference; fileEncoding = 4; lastKnownFileType = sourcecode.c.objc; path = flippedView.m; sourceTree = "<group>"; };
		4CF8EF0E1A13F2D300162814 /* preferenceWindowController.h */ = {isa = PBXFileReference; fileEncoding = 4; lastKnownFileType = sourcecode.c.h; path = preferenceWindowController.h; sourceTree = "<group>"; };
		4CF8EF0F1A13F2D300162814 /* preferenceWindowController.m */ = {isa = PBXFileReference; fileEncoding = 4; lastKnownFileType = sourcecode.c.objc; path = preferenceWindowController.m; sourceTree = "<group>"; };
		4CF8EF101A13F2D300162814 /* preferenceWindowController.xib */ = {isa = PBXFileReference; fileEncoding = 4; lastKnownFileType = file.xib; path = preferenceWindowController.xib; sourceTree = "<group>"; };
		4CFCBB7A18217EDC0030FC08 /* FMDatabase.h */ = {isa = PBXFileReference; fileEncoding = 4; lastKnownFileType = sourcecode.c.h; path = FMDatabase.h; sourceTree = "<group>"; };
		4CFCBB7B18217EDC0030FC08 /* FMDatabase.m */ = {isa = PBXFileReference; fileEncoding = 4; lastKnownFileType = sourcecode.c.objc; path = FMDatabase.m; sourceTree = "<group>"; };
		4CFCBB7C18217EDC0030FC08 /* FMDatabaseAdditions.h */ = {isa = PBXFileReference; fileEncoding = 4; lastKnownFileType = sourcecode.c.h; path = FMDatabaseAdditions.h; sourceTree = "<group>"; };
		4CFCBB7D18217EDC0030FC08 /* FMDatabaseAdditions.m */ = {isa = PBXFileReference; fileEncoding = 4; lastKnownFileType = sourcecode.c.objc; path = FMDatabaseAdditions.m; sourceTree = "<group>"; };
		4CFCBB7E18217EDC0030FC08 /* FMDatabasePool.h */ = {isa = PBXFileReference; fileEncoding = 4; lastKnownFileType = sourcecode.c.h; path = FMDatabasePool.h; sourceTree = "<group>"; };
		4CFCBB7F18217EDC0030FC08 /* FMDatabasePool.m */ = {isa = PBXFileReference; fileEncoding = 4; lastKnownFileType = sourcecode.c.objc; path = FMDatabasePool.m; sourceTree = "<group>"; };
		4CFCBB8018217EDC0030FC08 /* FMDatabaseQueue.h */ = {isa = PBXFileReference; fileEncoding = 4; lastKnownFileType = sourcecode.c.h; path = FMDatabaseQueue.h; sourceTree = "<group>"; };
		4CFCBB8118217EDC0030FC08 /* FMDatabaseQueue.m */ = {isa = PBXFileReference; fileEncoding = 4; lastKnownFileType = sourcecode.c.objc; path = FMDatabaseQueue.m; sourceTree = "<group>"; };
		4CFCBB8218217EDC0030FC08 /* fmdb.m */ = {isa = PBXFileReference; fileEncoding = 4; lastKnownFileType = sourcecode.c.objc; path = fmdb.m; sourceTree = "<group>"; };
		4CFCBB8318217EDC0030FC08 /* FMResultSet.h */ = {isa = PBXFileReference; fileEncoding = 4; lastKnownFileType = sourcecode.c.h; path = FMResultSet.h; sourceTree = "<group>"; };
		4CFCBB8418217EDC0030FC08 /* FMResultSet.m */ = {isa = PBXFileReference; fileEncoding = 4; lastKnownFileType = sourcecode.c.objc; path = FMResultSet.m; sourceTree = "<group>"; };
		4CFCBB8B182180620030FC08 /* libsqlite3.dylib */ = {isa = PBXFileReference; lastKnownFileType = "compiled.mach-o.dylib"; name = libsqlite3.dylib; path = usr/lib/libsqlite3.dylib; sourceTree = SDKROOT; };
		4CFCBB8F18218F2B0030FC08 /* db.sqlite */ = {isa = PBXFileReference; lastKnownFileType = file; path = db.sqlite; sourceTree = "<group>"; };
		4CFCBB961821B5230030FC08 /* folder_filled-50.png */ = {isa = PBXFileReference; lastKnownFileType = image.png; path = "folder_filled-50.png"; sourceTree = "<group>"; };
		4CFCBB981821B6CA0030FC08 /* left-50.png */ = {isa = PBXFileReference; lastKnownFileType = image.png; path = "left-50.png"; sourceTree = "<group>"; };
		4CFCBB9A1821B6D80030FC08 /* right-50.png */ = {isa = PBXFileReference; lastKnownFileType = image.png; path = "right-50.png"; sourceTree = "<group>"; };
		4CFCBB9C1821B82A0030FC08 /* FileView.h */ = {isa = PBXFileReference; fileEncoding = 4; lastKnownFileType = sourcecode.c.h; path = FileView.h; sourceTree = "<group>"; };
		4CFCBB9D1821B82A0030FC08 /* FileView.m */ = {isa = PBXFileReference; fileEncoding = 4; lastKnownFileType = sourcecode.c.objc; path = FileView.m; sourceTree = "<group>"; };
		8D5B49B6048680CD000E48DA /* LESSCompile.codaplugin */ = {isa = PBXFileReference; explicitFileType = wrapper.cfbundle; includeInIndex = 0; path = LESSCompile.codaplugin; sourceTree = BUILT_PRODUCTS_DIR; };
		8D5B49B7048680CD000E48DA /* Info.plist */ = {isa = PBXFileReference; fileEncoding = 4; lastKnownFileType = text.plist.xml; path = Info.plist; sourceTree = "<group>"; };
		D2F7E65807B2D6F200F64583 /* CoreData.framework */ = {isa = PBXFileReference; lastKnownFileType = wrapper.framework; name = CoreData.framework; path = /System/Library/Frameworks/CoreData.framework; sourceTree = "<absolute>"; };
		F163D8F30C67D694000A99F5 /* LESSPlugin.h */ = {isa = PBXFileReference; fileEncoding = 4; lastKnownFileType = sourcecode.c.h; path = LESSPlugin.h; sourceTree = "<group>"; };
		F163D8F40C67D694000A99F5 /* LESSPlugin.m */ = {isa = PBXFileReference; fileEncoding = 4; lastKnownFileType = sourcecode.c.objc; path = LESSPlugin.m; sourceTree = "<group>"; };
/* End PBXFileReference section */

/* Begin PBXFrameworksBuildPhase section */
		8D5B49B3048680CD000E48DA /* Frameworks */ = {
			isa = PBXFrameworksBuildPhase;
			buildActionMask = 2147483647;
			files = (
				4CA9BAD81B739EB3000EE1C5 /* CoreData.framework in Frameworks */,
				4CFCBB8C182180620030FC08 /* libsqlite3.dylib in Frameworks */,
				8D5B49B4048680CD000E48DA /* Cocoa.framework in Frameworks */,
				4CCF170E19BF6463002E0650 /* Growl.framework in Frameworks */,
				4CCF170D19BF6463002E0650 /* Growl.framework in Frameworks */,
			);
			runOnlyForDeploymentPostprocessing = 0;
		};
/* End PBXFrameworksBuildPhase section */

/* Begin PBXGroup section */
		089C166AFE841209C02AAC07 /* Capitalize */ = {
			isa = PBXGroup;
			children = (
				4CA9BAD71B739EB3000EE1C5 /* CoreData.framework */,
				4C27CAAD19BF458700FA70A1 /* external */,
				08FB77AFFE84173DC02AAC07 /* Classes */,
				32C88E010371C26100C91783 /* Other Sources */,
				089C167CFE841241C02AAC07 /* Resources */,
				089C1671FE841209C02AAC07 /* Frameworks and Libraries */,
				19C28FB8FE9D52D311CA2CBB /* Products */,
			);
			name = Capitalize;
			sourceTree = "<group>";
		};
		089C1671FE841209C02AAC07 /* Frameworks and Libraries */ = {
			isa = PBXGroup;
			children = (
				1058C7ACFEA557BF11CA2CBB /* Linked Frameworks */,
				1058C7AEFEA557BF11CA2CBB /* Other Frameworks */,
			);
			name = "Frameworks and Libraries";
			sourceTree = "<group>";
		};
		089C167CFE841241C02AAC07 /* Resources */ = {
			isa = PBXGroup;
			children = (
				4CFCBB951821B51C0030FC08 /* images */,
				4CCA70CA19228C78001617FC /* less */,
				4CFCBB8F18218F2B0030FC08 /* db.sqlite */,
				4C61B8E31A697C2100456E41 /* log.sqlite */,
				4CA289EB19FE8E5C008D523C /* node_modules */,
				4C1DFC1A182063330078B179 /* growl */,
				4C60E398182009D3003752C5 /* node */,
				8D5B49B7048680CD000E48DA /* Info.plist */,
				089C167DFE841241C02AAC07 /* InfoPlist.strings */,
			);
			name = Resources;
			sourceTree = "<group>";
		};
		08FB77AFFE84173DC02AAC07 /* Classes */ = {
			isa = PBXGroup;
			children = (
				4CA9BAD91B739F95000EE1C5 /* Core Data */,
				4CF8EF131A13F2DA00162814 /* preferenceWindow */,
				4CA9B3A41A01421A00934524 /* siteSettingsWindow */,
				4C5CB3C918244CD700A4DD66 /* views */,
				4C605F3E1677C20600C8F7D9 /* CodaPlugInsController.h */,
				F163D8F30C67D694000A99F5 /* LESSPlugin.h */,
				F163D8F40C67D694000A99F5 /* LESSPlugin.m */,
				4CCDB1851846503900B0C66C /* BaseCodaPlugin.h */,
				4CCDB1861846503900B0C66C /* BaseCodaPlugin.m */,
				4C6D96D419FD6D95004CAE9E /* LessDb.h */,
				4C6D96D519FD6D95004CAE9E /* LessDb.m */,
				4C61B8E51A69C35500456E41 /* TaskMan.h */,
				4C61B8E61A69C35500456E41 /* TaskMan.m */,
			);
			name = Classes;
			sourceTree = "<group>";
		};
		1058C7ACFEA557BF11CA2CBB /* Linked Frameworks */ = {
			isa = PBXGroup;
			children = (
				1058C7ADFEA557BF11CA2CBB /* Cocoa.framework */,
			);
			name = "Linked Frameworks";
			sourceTree = "<group>";
		};
		1058C7AEFEA557BF11CA2CBB /* Other Frameworks */ = {
			isa = PBXGroup;
			children = (
				089C167FFE841241C02AAC07 /* AppKit.framework */,
				D2F7E65807B2D6F200F64583 /* CoreData.framework */,
				089C1672FE841209C02AAC07 /* Foundation.framework */,
			);
			name = "Other Frameworks";
			sourceTree = "<group>";
		};
		19C28FB8FE9D52D311CA2CBB /* Products */ = {
			isa = PBXGroup;
			children = (
				8D5B49B6048680CD000E48DA /* LESSCompile.codaplugin */,
			);
			name = Products;
			sourceTree = "<group>";
		};
		32C88E010371C26100C91783 /* Other Sources */ = {
			isa = PBXGroup;
			children = (
				32DBCF630370AF2F00C91783 /* LESSCompile_Prefix.pch */,
			);
			name = "Other Sources";
			sourceTree = "<group>";
		};
		4C27CAAD19BF458700FA70A1 /* external */ = {
			isa = PBXGroup;
			children = (
				4CCF170F19BF6469002E0650 /* Growl */,
				4CFCBB8B182180620030FC08 /* libsqlite3.dylib */,
				4CFCBB7918217EDC0030FC08 /* fmdb */,
			);
			name = external;
			sourceTree = "<group>";
		};
		4C5CB3C918244CD700A4DD66 /* views */ = {
			isa = PBXGroup;
			children = (
				4C321FCF1827F98700FE7058 /* FileView.xib */,
				4CE8C352191298C30023524E /* FileFooter.xib */,
				4CFCBB9C1821B82A0030FC08 /* FileView.h */,
				4CFCBB9D1821B82A0030FC08 /* FileView.m */,
				4C5CB3CA18244CFF00A4DD66 /* keyPrefButton.h */,
				4C5CB3CB18244CFF00A4DD66 /* keyPrefButton.m */,
				4C8B098B1905BEF4002D30DE /* dropView.h */,
				4C8B098C1905BEF4002D30DE /* dropView.m */,
				4CE8C35619129FC10023524E /* PreferenceView.h */,
				4CE8C35719129FC10023524E /* PreferenceView.m */,
				4CF0C0DF1A03FEB80017047E /* flippedView.h */,
				4CF0C0E01A03FEB80017047E /* flippedView.m */,
			);
			name = views;
			sourceTree = "<group>";
		};
		4CA9B3A41A01421A00934524 /* siteSettingsWindow */ = {
			isa = PBXGroup;
			children = (
				4CA9B3A51A01425E00934524 /* siteSettingsWindowController.h */,
				4CA9B3A61A01425E00934524 /* siteSettingsWindowController.m */,
				4CA9B3A71A01425E00934524 /* siteSettingsWindowController.xib */,
			);
			name = siteSettingsWindow;
			sourceTree = "<group>";
		};
		4CA9BAD91B739F95000EE1C5 /* Core Data */ = {
			isa = PBXGroup;
			children = (
				4CA9BAE31B73A02D000EE1C5 /* LessPreferences.h */,
				4CA9BAE41B73A02D000EE1C5 /* LessPreferences.m */,
				4CA9BAE01B73A010000EE1C5 /* LessFile.h */,
				4CA9BAE11B73A010000EE1C5 /* LessFile.m */,
				4CA9BADA1B739FA3000EE1C5 /* Model.xcdatamodeld */,
			);
			name = "Core Data";
			sourceTree = "<group>";
		};
		4CCF170B19BF6463002E0650 /* Legacy */ = {
			isa = PBXGroup;
			children = (
				4CCF170C19BF6463002E0650 /* Growl.framework */,
			);
			path = Legacy;
			sourceTree = "<group>";
		};
		4CCF170F19BF6469002E0650 /* Growl */ = {
			isa = PBXGroup;
			children = (
				4CCF170A19BF6463002E0650 /* Growl.framework */,
				4CCF170B19BF6463002E0650 /* Legacy */,
			);
			name = Growl;
			sourceTree = "<group>";
		};
		4CF8EF131A13F2DA00162814 /* preferenceWindow */ = {
			isa = PBXGroup;
			children = (
				4CF8EF0E1A13F2D300162814 /* preferenceWindowController.h */,
				4CF8EF0F1A13F2D300162814 /* preferenceWindowController.m */,
				4CF8EF101A13F2D300162814 /* preferenceWindowController.xib */,
			);
			name = preferenceWindow;
			sourceTree = "<group>";
		};
		4CFCBB7918217EDC0030FC08 /* fmdb */ = {
			isa = PBXGroup;
			children = (
				4CFCBB7A18217EDC0030FC08 /* FMDatabase.h */,
				4CFCBB7B18217EDC0030FC08 /* FMDatabase.m */,
				4CFCBB7C18217EDC0030FC08 /* FMDatabaseAdditions.h */,
				4CFCBB7D18217EDC0030FC08 /* FMDatabaseAdditions.m */,
				4CFCBB7E18217EDC0030FC08 /* FMDatabasePool.h */,
				4CFCBB7F18217EDC0030FC08 /* FMDatabasePool.m */,
				4CFCBB8018217EDC0030FC08 /* FMDatabaseQueue.h */,
				4CFCBB8118217EDC0030FC08 /* FMDatabaseQueue.m */,
				4CFCBB8218217EDC0030FC08 /* fmdb.m */,
				4CFCBB8318217EDC0030FC08 /* FMResultSet.h */,
				4CFCBB8418217EDC0030FC08 /* FMResultSet.m */,
			);
			path = fmdb;
			sourceTree = "<group>";
		};
		4CFCBB951821B51C0030FC08 /* images */ = {
			isa = PBXGroup;
			children = (
				4CE8C3541912993B0023524E /* folder_plus_icon&48.png */,
				4C5CB3CD182456C400A4DD66 /* trash2-50.png */,
				4CFCBB9A1821B6D80030FC08 /* right-50.png */,
				4CFCBB981821B6CA0030FC08 /* left-50.png */,
				4CFCBB961821B5230030FC08 /* folder_filled-50.png */,
			);
			name = images;
			sourceTree = "<group>";
		};
/* End PBXGroup section */

/* Begin PBXNativeTarget section */
		8D5B49AC048680CD000E48DA /* LESSCompile */ = {
			isa = PBXNativeTarget;
			buildConfigurationList = 1DEB913A08733D840010E9CD /* Build configuration list for PBXNativeTarget "LESSCompile" */;
			buildPhases = (
				8D5B49AF048680CD000E48DA /* Resources */,
				8D5B49B1048680CD000E48DA /* Sources */,
				8D5B49B3048680CD000E48DA /* Frameworks */,
			);
			buildRules = (
			);
			dependencies = (
			);
			name = LESSCompile;
			productInstallPath = "$(HOME)/Library/Bundles";
			productName = Capitalize;
			productReference = 8D5B49B6048680CD000E48DA /* LESSCompile.codaplugin */;
			productType = "com.apple.product-type.bundle";
		};
/* End PBXNativeTarget section */

/* Begin PBXProject section */
		089C1669FE841209C02AAC07 /* Project object */ = {
			isa = PBXProject;
			attributes = {
			};
			buildConfigurationList = 1DEB913E08733D840010E9CD /* Build configuration list for PBXProject "LESSCompile" */;
			compatibilityVersion = "Xcode 2.4";
			developmentRegion = English;
			hasScannedForEncodings = 1;
			knownRegions = (
				en,
			);
			mainGroup = 089C166AFE841209C02AAC07 /* Capitalize */;
			projectDirPath = "";
			projectRoot = "";
			targets = (
				8D5B49AC048680CD000E48DA /* LESSCompile */,
			);
		};
/* End PBXProject section */

/* Begin PBXResourcesBuildPhase section */
		8D5B49AF048680CD000E48DA /* Resources */ = {
			isa = PBXResourcesBuildPhase;
			buildActionMask = 2147483647;
			files = (
				4C61B8E41A697C2100456E41 /* log.sqlite in Resources */,
				4CE8C353191298C30023524E /* FileFooter.xib in Resources */,
				4CCA70CB19228C78001617FC /* less in Resources */,
				4C321FD01827F98700FE7058 /* FileView.xib in Resources */,
				4C5CB3CE182456C400A4DD66 /* trash2-50.png in Resources */,
				4C1DFC1B182063330078B179 /* growl in Resources */,
				4CFCBB9018218F2B0030FC08 /* db.sqlite in Resources */,
				8D5B49B0048680CD000E48DA /* InfoPlist.strings in Resources */,
				4CF8EF121A13F2D300162814 /* preferenceWindowController.xib in Resources */,
				4CFCBB9B1821B6D80030FC08 /* right-50.png in Resources */,
				4CE8C3551912993B0023524E /* folder_plus_icon&48.png in Resources */,
				4CA9B3A91A01425E00934524 /* siteSettingsWindowController.xib in Resources */,
				4CA289EC19FE8E5C008D523C /* node_modules in Resources */,
				4CFCBB991821B6CA0030FC08 /* left-50.png in Resources */,
				4C60E399182009D3003752C5 /* node in Resources */,
				4CFCBB971821B5230030FC08 /* folder_filled-50.png in Resources */,
			);
			runOnlyForDeploymentPostprocessing = 0;
		};
/* End PBXResourcesBuildPhase section */

/* Begin PBXSourcesBuildPhase section */
		8D5B49B1048680CD000E48DA /* Sources */ = {
			isa = PBXSourcesBuildPhase;
			buildActionMask = 2147483647;
			files = (
				4CFCBB9E1821B82A0030FC08 /* FileView.m in Sources */,
				4CA9BADC1B739FA3000EE1C5 /* Model.xcdatamodeld in Sources */,
				4C8B098D1905BEF4002D30DE /* dropView.m in Sources */,
				4CF0C0E11A03FEB80017047E /* flippedView.m in Sources */,
				4C61B8E71A69C35500456E41 /* TaskMan.m in Sources */,
				4CFCBB8918217EDC0030FC08 /* fmdb.m in Sources */,
				F163D8F50C67D694000A99F5 /* LESSPlugin.m in Sources */,
				4CE8C35819129FC10023524E /* PreferenceView.m in Sources */,
				4CFCBB8A18217EDC0030FC08 /* FMResultSet.m in Sources */,
				4CFCBB8518217EDC0030FC08 /* FMDatabase.m in Sources */,
				4CFCBB8818217EDC0030FC08 /* FMDatabaseQueue.m in Sources */,
				4CFCBB8718217EDC0030FC08 /* FMDatabasePool.m in Sources */,
				4CCDB1871846503900B0C66C /* BaseCodaPlugin.m in Sources */,
				4CA9BAE21B73A010000EE1C5 /* LessFile.m in Sources */,
				4CF8EF111A13F2D300162814 /* preferenceWindowController.m in Sources */,
				4CA9BAE51B73A02D000EE1C5 /* LessPreferences.m in Sources */,
				4C5CB3CC18244CFF00A4DD66 /* keyPrefButton.m in Sources */,
				4CFCBB8618217EDC0030FC08 /* FMDatabaseAdditions.m in Sources */,
				4C6D96D619FD6D95004CAE9E /* LessDb.m in Sources */,
				4CA9B3A81A01425E00934524 /* siteSettingsWindowController.m in Sources */,
			);
			runOnlyForDeploymentPostprocessing = 0;
		};
/* End PBXSourcesBuildPhase section */

/* Begin PBXVariantGroup section */
		089C167DFE841241C02AAC07 /* InfoPlist.strings */ = {
			isa = PBXVariantGroup;
			children = (
				089C167EFE841241C02AAC07 /* English */,
			);
			name = InfoPlist.strings;
			sourceTree = "<group>";
		};
/* End PBXVariantGroup section */

/* Begin XCBuildConfiguration section */
		1DEB913B08733D840010E9CD /* Debug */ = {
			isa = XCBuildConfiguration;
			buildSettings = {
				CLANG_ENABLE_OBJC_ARC = YES;
				COPY_PHASE_STRIP = NO;
				DEPLOYMENT_LOCATION = YES;
				DSTROOT = "$(HOME)/Library/Application Support/Coda 2/Plug-ins";
				FRAMEWORK_SEARCH_PATHS = (
					"$(inherited)",
					"$(PROJECT_DIR)",
					"$(PROJECT_DIR)/Legacy",
				);
				GCC_DYNAMIC_NO_PIC = NO;
				GCC_ENABLE_FIX_AND_CONTINUE = YES;
				GCC_OPTIMIZATION_LEVEL = 0;
				GCC_PRECOMPILE_PREFIX_HEADER = YES;
				GCC_PREFIX_HEADER = LESSCompile_Prefix.pch;
				INFOPLIST_FILE = Info.plist;
				INSTALL_PATH = /;
				MACOSX_DEPLOYMENT_TARGET = 10.7;
				PRODUCT_NAME = LESSCompile;
				SDKROOT = macosx;
				SKIP_INSTALL = NO;
				WRAPPER_EXTENSION = codaplugin;
			};
			name = Debug;
		};
		1DEB913C08733D840010E9CD /* Release */ = {
			isa = XCBuildConfiguration;
			buildSettings = {
				ARCHS = "$(ARCHS_STANDARD_64_BIT)";
				CLANG_ENABLE_OBJC_ARC = YES;
				DEPLOYMENT_LOCATION = NO;
				DSTROOT = "$(HOME)/Library/Application Support/Coda 2/Plug-ins";
				FRAMEWORK_SEARCH_PATHS = (
					"$(inherited)",
					"$(PROJECT_DIR)",
					"$(PROJECT_DIR)/Legacy",
				);
				GCC_GENERATE_DEBUGGING_SYMBOLS = NO;
				GCC_PRECOMPILE_PREFIX_HEADER = YES;
				GCC_PREFIX_HEADER = LESSCompile_Prefix.pch;
				INFOPLIST_FILE = Info.plist;
				INSTALL_PATH = "";
				MACOSX_DEPLOYMENT_TARGET = 10.7;
				PRODUCT_NAME = LESSCompile;
				SDKROOT = macosx;
				SKIP_INSTALL = NO;
				WRAPPER_EXTENSION = codaplugin;
			};
			name = Release;
		};
		1DEB913F08733D840010E9CD /* Debug */ = {
			isa = XCBuildConfiguration;
			buildSettings = {
				ARCHS = "$(NATIVE_ARCH_ACTUAL)";
				GCC_WARN_ABOUT_RETURN_TYPE = YES;
				GCC_WARN_UNUSED_VARIABLE = YES;
				MACOSX_DEPLOYMENT_TARGET = 10.7;
				PREBINDING = NO;
				SDKROOT = macosx;
			};
			name = Debug;
		};
		1DEB914008733D840010E9CD /* Release */ = {
			isa = XCBuildConfiguration;
			buildSettings = {
				ARCHS = "$(ARCHS_STANDARD_64_BIT)";
				GCC_WARN_ABOUT_RETURN_TYPE = YES;
				GCC_WARN_UNUSED_VARIABLE = YES;
				MACOSX_DEPLOYMENT_TARGET = 10.7;
				PREBINDING = NO;
				SDKROOT = macosx;
			};
			name = Release;
		};
/* End XCBuildConfiguration section */

/* Begin XCConfigurationList section */
		1DEB913A08733D840010E9CD /* Build configuration list for PBXNativeTarget "LESSCompile" */ = {
			isa = XCConfigurationList;
			buildConfigurations = (
				1DEB913B08733D840010E9CD /* Debug */,
				1DEB913C08733D840010E9CD /* Release */,
			);
			defaultConfigurationIsVisible = 0;
			defaultConfigurationName = Release;
		};
		1DEB913E08733D840010E9CD /* Build configuration list for PBXProject "LESSCompile" */ = {
			isa = XCConfigurationList;
			buildConfigurations = (
				1DEB913F08733D840010E9CD /* Debug */,
				1DEB914008733D840010E9CD /* Release */,
			);
			defaultConfigurationIsVisible = 0;
			defaultConfigurationName = Release;
		};
/* End XCConfigurationList section */

/* Begin XCVersionGroup section */
		4CA9BADA1B739FA3000EE1C5 /* Model.xcdatamodeld */ = {
			isa = XCVersionGroup;
			children = (
				4CA9BADB1B739FA3000EE1C5 /* Model.xcdatamodel */,
			);
			currentVersion = 4CA9BADB1B739FA3000EE1C5 /* Model.xcdatamodel */;
			path = Model.xcdatamodeld;
			sourceTree = "<group>";
			versionGroupType = wrapper.xcdatamodel;
		};
/* End XCVersionGroup section */
	};
	rootObject = 089C1669FE841209C02AAC07 /* Project object */;
}
